# This file is automatically @generated by Poetry 2.1.3 and should not be changed by hand.

[[package]]
name = "cassandra-driver"
version = "3.29.2"
description = "DataStax Driver for Apache Cassandra"
optional = false
python-versions = "*"
groups = ["main"]
files = [
    {file = "cassandra-driver-3.29.2.tar.gz", hash = "sha256:c4310a7d0457f51a63fb019d8ef501588c491141362b53097fbc62fa06559b7c"},
    {file = "cassandra_driver-3.29.2-cp310-cp310-macosx_10_9_x86_64.whl", hash = "sha256:957208093ff2353230d0d83edf8c8e8582e4f2999d9a33292be6558fec943562"},
    {file = "cassandra_driver-3.29.2-cp310-cp310-macosx_11_0_arm64.whl", hash = "sha256:d70353b6d9d6e01e2b261efccfe90ce0aa6f416588e6e626ca2ed0aff6b540cf"},
    {file = "cassandra_driver-3.29.2-cp310-cp310-manylinux_2_17_aarch64.manylinux2014_aarch64.whl", hash = "sha256:06ad489e4df2cc7f41d3aca8bd8ddeb8071c4fb98240ed07f1dcd9b5180fd879"},
    {file = "cassandra_driver-3.29.2-cp310-cp310-manylinux_2_17_x86_64.manylinux2014_x86_64.whl", hash = "sha256:e7f1dfa33c3d93350057d6dc163bb92748b6e6a164c408c75cf2c59be0a203b7"},
    {file = "cassandra_driver-3.29.2-cp310-cp310-win32.whl", hash = "sha256:f9df1e6ae4201eb2eae899cb0649d46b3eb0843f075199b51360bc9d59679a31"},
    {file = "cassandra_driver-3.29.2-cp310-cp310-win_amd64.whl", hash = "sha256:c4a005bc0b4fd8b5716ad931e1cc788dbd45967b0bcbdc3dfde33c7f9fde40d4"},
    {file = "cassandra_driver-3.29.2-cp311-cp311-macosx_10_9_x86_64.whl", hash = "sha256:e31cee01a6fc8cf7f32e443fa0031bdc75eed46126831b7a807ab167b4dc1316"},
    {file = "cassandra_driver-3.29.2-cp311-cp311-macosx_11_0_arm64.whl", hash = "sha256:52edc6d4bd7d07b10dc08b7f044dbc2ebe24ad7009c23a65e0916faed1a34065"},
    {file = "cassandra_driver-3.29.2-cp311-cp311-manylinux_2_17_aarch64.manylinux2014_aarch64.whl", hash = "sha256:eb3a9f24fc84324d426a69dc35df66de550833072a4d9a4d63d72fda8fcaecb9"},
    {file = "cassandra_driver-3.29.2-cp311-cp311-manylinux_2_17_x86_64.manylinux2014_x86_64.whl", hash = "sha256:1e89de04809d02bb1d5d03c0946a7baaaf85e93d7e6414885b4ea2616efe9de0"},
    {file = "cassandra_driver-3.29.2-cp311-cp311-win32.whl", hash = "sha256:7104e5043e9cc98136d7fafe2418cbc448dacb4e1866fe38ff5be76f227437ef"},
    {file = "cassandra_driver-3.29.2-cp311-cp311-win_amd64.whl", hash = "sha256:69aa53f1bdb23487765faa92eef57366637878eafc412f46af999e722353b22f"},
    {file = "cassandra_driver-3.29.2-cp312-cp312-macosx_10_9_x86_64.whl", hash = "sha256:a1e994a82b2e6ab022c5aec24e03ad49fca5f3d47e566a145de34eb0e768473a"},
    {file = "cassandra_driver-3.29.2-cp312-cp312-macosx_11_0_arm64.whl", hash = "sha256:2039201ae5d9b7c7ce0930af7138d2637ca16a4c7aaae2fbdd4355fbaf3003c5"},
    {file = "cassandra_driver-3.29.2-cp312-cp312-manylinux_2_17_aarch64.manylinux2014_aarch64.whl", hash = "sha256:8067fad22e76e250c3846507d804f90b53e943bba442fa1b26583bcac692aaf1"},
    {file = "cassandra_driver-3.29.2-cp312-cp312-manylinux_2_17_x86_64.manylinux2014_x86_64.whl", hash = "sha256:ee0ebe8eb4fb007d8001ffcd1c3828b74defeb01075d8a1f1116ae9c60f75541"},
    {file = "cassandra_driver-3.29.2-cp312-cp312-win32.whl", hash = "sha256:83dc9399cdabe482fd3095ca54ec227212d8c491b563a7276f6c100e30ee856c"},
    {file = "cassandra_driver-3.29.2-cp312-cp312-win_amd64.whl", hash = "sha256:6c74610f56a4c53863a5d44a2af9c6c3405da19d51966fabd85d7f927d5c6abc"},
    {file = "cassandra_driver-3.29.2-cp38-cp38-macosx_10_9_x86_64.whl", hash = "sha256:c86b0a796ff67d66de7df5f85243832a4dc853217f6a3eade84694f6f4fae151"},
    {file = "cassandra_driver-3.29.2-cp38-cp38-macosx_11_0_arm64.whl", hash = "sha256:c53700b0d1f8c1d777eaa9e9fb6d17839d9a83f27a61649e0cbaa15d9d3df34b"},
    {file = "cassandra_driver-3.29.2-cp38-cp38-manylinux_2_17_aarch64.manylinux2014_aarch64.whl", hash = "sha256:7d348c769aa6c37919e7d6247e8cf09c23d387b7834a340408bd7d611f174d80"},
    {file = "cassandra_driver-3.29.2-cp38-cp38-manylinux_2_17_x86_64.manylinux2014_x86_64.whl", hash = "sha256:a8c496318e3c136cf12ab21e1598fee4b48ea1c71746ea8cc9d32e4dcd09cb93"},
    {file = "cassandra_driver-3.29.2-cp38-cp38-win32.whl", hash = "sha256:d180183451bec81c15e0441fa37a63dc52c6489e860e832cadd854373b423141"},
    {file = "cassandra_driver-3.29.2-cp38-cp38-win_amd64.whl", hash = "sha256:a66b20c421d8fb21f18bd0ac713de6f09c5c25b6ab3d6043c3779b9c012d7c98"},
    {file = "cassandra_driver-3.29.2-cp39-cp39-macosx_10_9_x86_64.whl", hash = "sha256:70d4d0dce373943308ad461a425fc70a23d0f524859367b8c6fc292400f39954"},
    {file = "cassandra_driver-3.29.2-cp39-cp39-macosx_11_0_arm64.whl", hash = "sha256:b86427fab4d5a96e91ad82bb9338d4101ae4d3758ba96c356e0198da3de4d350"},
    {file = "cassandra_driver-3.29.2-cp39-cp39-manylinux_2_17_aarch64.manylinux2014_aarch64.whl", hash = "sha256:c25b42e1a99f377a933d79ae93ea27601e337a5abb7bb843a0e951cf1b3836f7"},
    {file = "cassandra_driver-3.29.2-cp39-cp39-manylinux_2_17_x86_64.manylinux2014_x86_64.whl", hash = "sha256:9e36437288d6cd6f6c74b8ee5997692126e24adc2da3d031dc11c7dfea8bc220"},
    {file = "cassandra_driver-3.29.2-cp39-cp39-win32.whl", hash = "sha256:e967c1341a651f03bdc466f3835d72d3c0a0648b562035e6d780fa0b796c02f6"},
    {file = "cassandra_driver-3.29.2-cp39-cp39-win_amd64.whl", hash = "sha256:c5a9aab2367e8aad48ae853847a5a8985749ac5f102676de2c119b33fef13b42"},
]

[package.dependencies]
geomet = ">=0.1,<0.3"

[package.extras]
cle = ["cryptography (>=35.0)"]
graph = ["gremlinpython (==3.4.6)"]

[[package]]
name = "click"
version = "8.1.8"
description = "Composable command line interface toolkit"
optional = false
python-versions = ">=3.7"
groups = ["main"]
files = [
    {file = "click-8.1.8-py3-none-any.whl", hash = "sha256:63c132bbbed01578a06712a2d1f497bb62d9c1c0d329b7903a866228027263b2"},
    {file = "click-8.1.8.tar.gz", hash = "sha256:ed53c9d8990d83c2a27deae68e4ee337473f6330c040a31d4225c9574d16096a"},
]

[package.dependencies]
colorama = {version = "*", markers = "platform_system == \"Windows\""}

[[package]]
name = "colorama"
version = "0.4.6"
description = "Cross-platform colored terminal text."
optional = false
python-versions = "!=3.0.*,!=3.1.*,!=3.2.*,!=3.3.*,!=3.4.*,!=3.5.*,!=3.6.*,>=2.7"
groups = ["main"]
markers = "platform_system == \"Windows\""
files = [
    {file = "colorama-0.4.6-py2.py3-none-any.whl", hash = "sha256:4f1d9991f5acc0ca119f9d443620b77f9d6b33703e51011c16baf57afb285fc6"},
    {file = "colorama-0.4.6.tar.gz", hash = "sha256:08695f5cb7ed6e0531a20572697297273c47b8cae5a63ffc6d6ed5c201be6e44"},
]

[[package]]
name = "dotenv"
version = "0.9.9"
description = "Deprecated package"
optional = false
python-versions = "*"
groups = ["main"]
files = [
    {file = "dotenv-0.9.9-py2.py3-none-any.whl", hash = "sha256:29cf74a087b31dafdb5a446b6d7e11cbce8ed2741540e2339c69fbef92c94ce9"},
]

[package.dependencies]
python-dotenv = "*"

[[package]]
name = "geomet"
version = "0.2.0.post2"
description = "GeoJSON <-> WKT/WKB conversion utilities"
optional = false
python-versions = "*"
groups = ["main"]
files = [
    {file = "geomet-0.2.0.post2.tar.gz", hash = "sha256:f5ea069d01afecaab0c66a1ca516e2716a64aeecfa65021d15bc3b1d9aaa35e4"},
]

[package.dependencies]
click = "*"
six = "*"

[[package]]
name = "py4j"
version = "0.10.9.7"
description = "Enables Python programs to dynamically access arbitrary Java objects"
optional = false
python-versions = "*"
groups = ["main"]
files = [
    {file = "py4j-0.10.9.7-py2.py3-none-any.whl", hash = "sha256:85defdfd2b2376eb3abf5ca6474b51ab7e0de341c75a02f46dc9b5976f5a5c1b"},
    {file = "py4j-0.10.9.7.tar.gz", hash = "sha256:0b6e5315bb3ada5cf62ac651d107bb2ebc02def3dee9d9548e3baac644ea8dbb"},
]

[[package]]
name = "pyspark"
version = "3.5.6"
description = "Apache Spark Python API"
optional = false
python-versions = ">=3.8"
groups = ["main"]
files = [
    {file = "pyspark-3.5.6.tar.gz", hash = "sha256:f8b1c4360e41ab398c64904fae08740503bcb6bd389457d659fa6d9f2952cc48"},
]

[package.dependencies]
py4j = "0.10.9.7"

[package.extras]
connect = ["googleapis-common-protos (>=1.56.4)", "grpcio (>=1.56.0)", "grpcio-status (>=1.56.0)", "numpy (>=1.15,<2)", "pandas (>=1.0.5)", "pyarrow (>=4.0.0)"]
ml = ["numpy (>=1.15,<2)"]
mllib = ["numpy (>=1.15,<2)"]
pandas-on-spark = ["numpy (>=1.15,<2)", "pandas (>=1.0.5)", "pyarrow (>=4.0.0)"]
sql = ["numpy (>=1.15,<2)", "pandas (>=1.0.5)", "pyarrow (>=4.0.0)"]

[[package]]
name = "python-dotenv"
version = "1.1.1"
description = "Read key-value pairs from a .env file and set them as environment variables"
optional = false
python-versions = ">=3.9"
groups = ["main"]
files = [
    {file = "python_dotenv-1.1.1-py3-none-any.whl", hash = "sha256:31f23644fe2602f88ff55e1f5c79ba497e01224ee7737937930c448e4d0e24dc"},
    {file = "python_dotenv-1.1.1.tar.gz", hash = "sha256:a8a6399716257f45be6a007360200409fce5cda2661e3dec71d23dc15f6189ab"},
]

[package.extras]
cli = ["click (>=5.0)"]

[[package]]
name = "six"
version = "1.17.0"
description = "Python 2 and 3 compatibility utilities"
optional = false
python-versions = "!=3.0.*,!=3.1.*,!=3.2.*,>=2.7"
groups = ["main"]
files = [
    {file = "six-1.17.0-py2.py3-none-any.whl", hash = "sha256:4721f391ed90541fddacab5acf947aa0d3dc7d27b2e1e8eda2be8970586c3274"},
    {file = "six-1.17.0.tar.gz", hash = "sha256:ff70335d468e7eb6ec65b95b99d3a2836546063f63acc5171de367e834932a81"},
]

[metadata]
lock-version = "2.1"
python-versions = ">=3.9"
content-hash = "33b2671b54b6696b4f1ce027b401d050c3eaee5d957d7ceebd8523ccf0adbdc0"
